
Microsoft Visual Studio Solution File, Format Version 12.00
# Visual Studio Version 17
VisualStudioVersion = 17.4.33205.214
MinimumVisualStudioVersion = 10.0.40219.1
Project("{888888A0-9F3D-457C-B088-3A5042F75D52}") = "Järjendid_k_t", "Järjendid_k_t.pyproj", "{1F3839D0-909B-493E-8DBF-E31971306845}"
EndProject
Global
	GlobalSection(SolutionConfigurationPlatforms) = preSolution
		Debug|Any CPU = Debug|Any CPU
		Release|Any CPU = Release|Any CPU
	EndGlobalSection
	GlobalSection(ProjectConfigurationPlatforms) = postSolution
		{1F3839D0-909B-493E-8DBF-E31971306845}.Debug|Any CPU.ActiveCfg = Debug|Any CPU
		{1F3839D0-909B-493E-8DBF-E31971306845}.Release|Any CPU.ActiveCfg = Release|Any CPU
	EndGlobalSection
	GlobalSection(SolutionProperties) = preSolution
		HideSolutionNode = FALSE
	EndGlobalSection
	GlobalSection(ExtensibilityGlobals) = postSolution
		SolutionGuid = {808FE277-4263-48EE-8C15-9469148191FD}
	EndGlobalSection
EndGlobal
